
Microsoft Visual Studio Solution File, Format Version 12.00
# Visual Studio 15
VisualStudioVersion = 15.0.27130.2036
MinimumVisualStudioVersion = 10.0.40219.1
Project("{8BC9CEB8-8B4A-11D0-8D11-00A0C91BC942}") = "OpenGLPrimary", "OpenGLPrimary.vcxproj", "{0CF3468A-B4A0-4A44-85C4-535F2D042A87}"
EndProject
Global
	GlobalSection(SolutionConfigurationPlatforms) = preSolution
		Debug|x64 = Debug|x64
		Debug|x86 = Debug|x86
		Release|x64 = Release|x64
		Release|x86 = Release|x86
	EndGlobalSection
	GlobalSection(ProjectConfigurationPlatforms) = postSolution
		{0CF3468A-B4A0-4A44-85C4-535F2D042A87}.Debug|x64.ActiveCfg = Debug|x64
		{0CF3468A-B4A0-4A44-85C4-535F2D042A87}.Debug|x64.Build.0 = Debug|x64
		{0CF3468A-B4A0-4A44-85C4-535F2D042A87}.Debug|x86.ActiveCfg = Debug|x64
		{0CF3468A-B4A0-4A44-85C4-535F2D042A87}.Debug|x86.Build.0 = Debug|x64
		{0CF3468A-B4A0-4A44-85C4-535F2D042A87}.Release|x64.ActiveCfg = Release|x64
		{0CF3468A-B4A0-4A44-85C4-535F2D042A87}.Release|x64.Build.0 = Release|x64
		{0CF3468A-B4A0-4A44-85C4-535F2D042A87}.Release|x86.ActiveCfg = Release|Win32
		{0CF3468A-B4A0-4A44-85C4-535F2D042A87}.Release|x86.Build.0 = Release|Win32
	EndGlobalSection
	GlobalSection(SolutionProperties) = preSolution
		HideSolutionNode = FALSE
	EndGlobalSection
	GlobalSection(ExtensibilityGlobals) = postSolution
		SolutionGuid = {12395B6A-F0D3-4447-B285-E9E7C6051162}
	EndGlobalSection
EndGlobal
